
Microsoft Visual Studio Solution File, Format Version 12.00
# Visual Studio 15
VisualStudioVersion = 15.0.27703.2042
MinimumVisualStudioVersion = 10.0.40219.1
Project("{FAE04EC0-301F-11D3-BF4B-00C04F79EFBC}") = "client_credential authentication", "client_credential authentication\client_credential authentication.csproj", "{EA127FDD-93FC-446D-85CE-6B14448449F6}"
EndProject
Global
	GlobalSection(SolutionConfigurationPlatforms) = preSolution
		Debug|Any CPU = Debug|Any CPU
		Release|Any CPU = Release|Any CPU
	EndGlobalSection
	GlobalSection(ProjectConfigurationPlatforms) = postSolution
		{EA127FDD-93FC-446D-85CE-6B14448449F6}.Debug|Any CPU.ActiveCfg = Debug|Any CPU
		{EA127FDD-93FC-446D-85CE-6B14448449F6}.Debug|Any CPU.Build.0 = Debug|Any CPU
		{EA127FDD-93FC-446D-85CE-6B14448449F6}.Release|Any CPU.ActiveCfg = Release|Any CPU
		{EA127FDD-93FC-446D-85CE-6B14448449F6}.Release|Any CPU.Build.0 = Release|Any CPU
	EndGlobalSection
	GlobalSection(SolutionProperties) = preSolution
		HideSolutionNode = FALSE
	EndGlobalSection
	GlobalSection(ExtensibilityGlobals) = postSolution
		SolutionGuid = {5DEF8AD5-24A0-46AE-A592-6311B6B47C5F}
	EndGlobalSection
EndGlobal
